{
  "name": "pgx-kb",
  "version": "1.0.0",
  "lockfileVersion": 3,
  "requires": true,
  "packages": {
    "": {
      "name": "pgx-kb",
      "version": "1.0.0",
      "license": "SEE LICENSE IN license.js",
      "dependencies": {
        "cpic-phenotype-cyp2c19": "file:../collection/CPIC_Phenotype_CYP2C19",
        "cpic-phenotype-cyp2c9": "file:../collection/CPIC_Phenotype_CYP2C9",
        "cpicrec-abacavir_hla-b": "file:../collection/CPICRec_abacavir_HLA-B",
        "cpicrec-allopurinol_hla-b": "file:../collection/CPICRec_allopurinol_HLA-B",
        "dpwgrec-amitriptyline_cyp2c19": "file:../collection/DPWGRec_amitriptyline_CYP2C19",
        "dpwgrec-clomipramine_cyp2c19": "file:../collection/DPWGRec_clomipramine_CYP2C19"
      }
    },
    "../collection/CPIC_Phenotype_CYP2C19": {
      "name": "cpic-phenotype-cyp2c19",
      "version": "1.0.0"
    },
    "../collection/CPIC_Phenotype_CYP2C9": {
      "name": "cpic-phenotype-cyp2c9",
      "version": "1.0.0"
    },
    "../collection/CPICRec_abacavir_HLA-B": {
      "name": "cpicrec-abacavir_hla-b",
      "version": "1.0.0"
    },
    "../collection/CPICRec_allopurinol_HLA-B": {
      "name": "cpicrec-allopurinol_hla-b",
      "version": "1.0.0"
    },
    "../collection/DPWGRec_amitriptyline_CYP2C19": {
      "name": "dpwgrec-amitriptyline_cyp2c19",
      "version": "1.0.0"
    },
    "../collection/DPWGRec_clomipramine_CYP2C19": {
      "name": "dpwgrec-clomipramine_cyp2c19",
      "version": "1.0.0"
    },
    "node_modules/cpic-phenotype-cyp2c19": {
      "resolved": "../collection/CPIC_Phenotype_CYP2C19",
      "link": true
    },
    "node_modules/cpic-phenotype-cyp2c9": {
      "resolved": "../collection/CPIC_Phenotype_CYP2C9",
      "link": true
    },
    "node_modules/cpicrec-abacavir_hla-b": {
      "resolved": "../collection/CPICRec_abacavir_HLA-B",
      "link": true
    },
    "node_modules/cpicrec-allopurinol_hla-b": {
      "resolved": "../collection/CPICRec_allopurinol_HLA-B",
      "link": true
    },
    "node_modules/dpwgrec-amitriptyline_cyp2c19": {
      "resolved": "../collection/DPWGRec_amitriptyline_CYP2C19",
      "link": true
    },
    "node_modules/dpwgrec-clomipramine_cyp2c19": {
      "resolved": "../collection/DPWGRec_clomipramine_CYP2C19",
      "link": true
    }
  }
}
