{
  "name": "pgx-kb",
  "version": "1.0.0",
  "lockfileVersion": 3,
  "requires": true,
  "packages": {
    "": {
      "name": "pgx-kb",
      "version": "1.0.0",
      "license": "SEE LICENSE IN license.js",
      "dependencies": {
        "cpic-phenotype-cyp2c19": "file:../collection/CPIC_Phenotype_CYP2C19",
        "cpic-phenotype-cyp2c9": "file:../collection/CPIC_Phenotype_CYP2C9",
        "cpic-phenotype-cyp2d6": "file:../collection/CPIC_Phenotype_CYP2D6",
        "cpic-phenotype-cyp2d6-v1": "file:../collection/CPIC_Phenotype_CYP2D6-V1",
        "cpic-phenotype-cyp3a5": "file:../collection/CPIC_Phenotype_CYP3A5",
        "cpic-phenotype-slco1b1": "file:../collection/CPIC_Phenotype_SLCO1B1",
        "cpic-phenotype-tpmt": "file:../collection/CPIC_Phenotype_TPMT",
        "cpic-phenotype-ugt1a1": "file:../collection/CPIC_Phenotype_UGT1A1",
        "cpicrec-abacavir_hla-b": "file:../collection/CPICRec_abacavir_HLA-B",
        "cpicrec-allopurinol_hla-b": "file:../collection/CPICRec_allopurinol_HLA-B",
        "cpicrec-amitriptyline-cyp2c19-cyp2d6": "file:../collection/CPICRec_amitriptyline_CYP2C19_CYP2D6",
        "cpicrec-atazanavir-ugt1a1": "file:../collection/CPICRec_atazanavir_UGT1A1",
        "cpicrec-azathioprine-tpmt": "file:../collection/CPICRec_azathioprine_TPMT",
        "cpicrec-carbamazepine-hla-a-hla-b": "file:../collection/CPICRec_carbamazepine_HLA-A_HLA-B",
        "cpicrec-citalopram-cyp2c19": "file:../collection/CPICRec_citalopram_CYP2C19",
        "cpicrec-clomipramine-cyp2c19-cyp2d6": "file:../collection/CPICRec_clomipramine_CYP2C19_CYP2D6",
        "cpicrec-clopidogrel-cyp2c19": "file:../collection/CPICRec_clopidogrel_CYP2C19",
        "cpicrec-codeine-cyp2d6": "file:../collection/CPICRec_codeine_CYP2D6",
        "cpicrec-desipramine-cyp2c19-cyp2d6": "file:../collection/CPICRec_desipramine_CYP2C19_CYP2D6",
        "cpicrec-doxepin-cyp2c19-cyp2d6": "file:../collection/CPICRec_doxepin_CYP2C19_CYP2D6",
        "cpicrec-escitalopram-cyp2c19": "file:../collection/CPICRec_escitalopram_CYP2C19",
        "cpicrec-fluvoxamine-cyp2d6": "file:../collection/CPICRec_fluvoxamine_CYP2D6",
        "cpicrec-imipramine-cyp2c19-cyp2d6": "file:../collection/CPICRec_imipramine_CYP2C19_CYP2D6",
        "cpicrec-mercaptopurine-tpmt": "file:../collection/CPICRec_mercaptopurine_TPMT",
        "cpicrec-nortripyline-cyp2c19-cyp2d6": "file:../collection/CPICRec_nortripyline_CYP2C19_CYP2D6",
        "cpicrec-ondansetron-cyp2d6": "file:../collection/CPICRec_ondansetron_CYP2D6",
        "cpicrec-oxcarbazepine-hla-b": "file:../collection/CPICRec_oxcarbazepine_HLA-B",
        "cpicrec-paroxetine-cyp2d6": "file:../collection/CPICRec_paroxetine_CYP2D6",
        "cpicrec-phenytoin-cyp2c9-hla-b": "file:../collection/CPICRec_phenytoin_CYP2C9_HLA-B",
        "cpicrec-sertraline-cyp2c19": "file:../collection/CPICRec_sertraline_CYP2C19",
        "cpicrec-simvastatin-slco1b1": "file:../collection/CPICRec_simvastatin_SLCO1B1",
        "cpicrec-tacrolimus-cyp3a5": "file:../collection/CPICRec_tacrolimus_CYP3A5",
        "cpicrec-thioguanine-tpmt": "file:../collection/CPICRec_thioguanine_TPMT",
        "cpicrec-trimipramine-cyp2c19-cyp2d6": "file:../collection/CPICRec_trimipramine_CYP2C19_CYP2D6",
        "cpicrec-tropisetron-cyp2d6": "file:../collection/CPICRec_tropisetron_CYP2D6",
        "cpicrec-voriconazole-cyp2c19": "file:../collection/CPICRec_voriconazole_CYP2C19",
        "dpwgrec-amitriptyline_cyp2c19": "file:../collection/DPWGRec_amitriptyline_CYP2C19",
        "dpwgrec-clomipramine_cyp2c19": "file:../collection/DPWGRec_clomipramine_CYP2C19",
        "dpwgrec-escitalopram-cyp2c19": "file:../collection/DPWGRec_escitalopram_CYP2C19",
        "jsonld": "^8.3.3"
      }
    },
    "../collection/CPIC_Phenotype_CYP2C19": {
      "name": "cpic-phenotype-cyp2c19",
      "version": "1.0.0"
    },
    "../collection/CPIC_Phenotype_CYP2C9": {
      "name": "cpic-phenotype-cyp2c9",
      "version": "1.0.0"
    },
    "../collection/CPIC_Phenotype_CYP2D6": {
      "name": "cpic-phenotype-cyp2d6",
      "version": "1.0.0"
    },
    "../collection/CPIC_Phenotype_CYP2D6-V1": {
      "name": "cpic-phenotype-cyp2d6-v1",
      "version": "1.0.0"
    },
    "../collection/CPIC_Phenotype_CYP3A5": {
      "name": "cpic-phenotype-cyp3a5",
      "version": "1.0.0"
    },
    "../collection/CPIC_Phenotype_SLCO1B1": {
      "name": "cpic-phenotype-slco1b1",
      "version": "1.0.0"
    },
    "../collection/CPIC_Phenotype_TPMT": {
      "name": "cpic-phenotype-tpmt",
      "version": "1.0.0"
    },
    "../collection/CPIC_Phenotype_UGT1A1": {
      "name": "cpic-phenotype-ugt1a1",
      "version": "1.0.0"
    },
    "../collection/CPICRec_abacavir_HLA-B": {
      "name": "cpicrec-abacavir_hla-b",
      "version": "1.0.0"
    },
    "../collection/CPICRec_allopurinol_HLA-B": {
      "name": "cpicrec-allopurinol_hla-b",
      "version": "1.0.0"
    },
    "../collection/CPICRec_amitriptyline_CYP2C19_CYP2D6": {
      "name": "cpicrec-amitriptyline-cyp2c19-cyp2d6",
      "version": "1.0.0"
    },
    "../collection/CPICRec_atazanavir_UGT1A1": {
      "name": "cpicrec-atazanavir-ugt1a1",
      "version": "1.0.0"
    },
    "../collection/CPICRec_azathioprine_TPMT": {
      "name": "cpicrec-azathioprine-tpmt",
      "version": "1.0.0"
    },
    "../collection/CPICRec_carbamazepine_HLA-A_HLA-B": {
      "name": "cpicrec-carbamazepine-hla-a-hla-b",
      "version": "1.0.0"
    },
    "../collection/CPICRec_citalopram_CYP2C19": {
      "name": "cpicrec-citalopram-cyp2c19",
      "version": "1.0.0"
    },
    "../collection/CPICRec_clomipramine_CYP2C19_CYP2D6": {
      "name": "cpicrec-clomipramine-cyp2c19-cyp2d6",
      "version": "1.0.0"
    },
    "../collection/CPICRec_clopidogrel_CYP2C19": {
      "name": "cpicrec-clopidogrel-cyp2c19",
      "version": "1.0.0"
    },
    "../collection/CPICRec_codeine_CYP2D6": {
      "name": "cpicrec-codeine-cyp2d6",
      "version": "1.0.0"
    },
    "../collection/CPICRec_desipramine_CYP2C19_CYP2D6": {
      "name": "cpicrec-desipramine-cyp2c19-cyp2d6",
      "version": "1.0.0"
    },
    "../collection/CPICRec_doxepin_CYP2C19_CYP2D6": {
      "name": "cpicrec-doxepin-cyp2c19-cyp2d6",
      "version": "1.0.0"
    },
    "../collection/CPICRec_escitalopram_CYP2C19": {
      "name": "cpicrec-escitalopram-cyp2c19",
      "version": "1.0.0"
    },
    "../collection/CPICRec_fluvoxamine_CYP2D6": {
      "name": "cpicrec-fluvoxamine-cyp2d6",
      "version": "1.0.0"
    },
    "../collection/CPICRec_imipramine_CYP2C19_CYP2D6": {
      "name": "cpicrec-imipramine-cyp2c19-cyp2d6",
      "version": "1.0.0"
    },
    "../collection/CPICRec_mercaptopurine_TPMT": {
      "name": "cpicrec-mercaptopurine-tpmt",
      "version": "1.0.0"
    },
    "../collection/CPICRec_nortripyline_CYP2C19_CYP2D6": {
      "name": "cpicrec-nortripyline-cyp2c19-cyp2d6",
      "version": "1.0.0"
    },
    "../collection/CPICRec_ondansetron_CYP2D6": {
      "name": "cpicrec-ondansetron-cyp2d6",
      "version": "1.0.0"
    },
    "../collection/CPICRec_oxcarbazepine_HLA-B": {
      "name": "cpicrec-oxcarbazepine-hla-b",
      "version": "1.0.0"
    },
    "../collection/CPICRec_paroxetine_CYP2D6": {
      "name": "cpicrec-paroxetine-cyp2d6",
      "version": "1.0.0"
    },
    "../collection/CPICRec_phenytoin_CYP2C9_HLA-B": {
      "name": "cpicrec-phenytoin-cyp2c9-hla-b",
      "version": "1.0.0"
    },
    "../collection/CPICRec_sertraline_CYP2C19": {
      "name": "cpicrec-sertraline-cyp2c19",
      "version": "1.0.0"
    },
    "../collection/CPICRec_simvastatin_SLCO1B1": {
      "name": "cpicrec-simvastatin-slco1b1",
      "version": "1.0.0"
    },
    "../collection/CPICRec_tacrolimus_CYP3A5": {
      "name": "cpicrec-tacrolimus-cyp3a5",
      "version": "1.0.0"
    },
    "../collection/CPICRec_thioguanine_TPMT": {
      "name": "cpicrec-thioguanine-tpmt",
      "version": "1.0.0"
    },
    "../collection/CPICRec_trimipramine_CYP2C19_CYP2D6": {
      "name": "cpicrec-trimipramine-cyp2c19-cyp2d6",
      "version": "1.0.0"
    },
    "../collection/CPICRec_tropisetron_CYP2D6": {
      "name": "cpicrec-tropisetron-cyp2d6",
      "version": "1.0.0"
    },
    "../collection/CPICRec_voriconazole_CYP2C19": {
      "name": "cpicrec-voriconazole-cyp2c19",
      "version": "1.0.0"
    },
    "../collection/DPWGRec_amitriptyline_CYP2C19": {
      "name": "dpwgrec-amitriptyline_cyp2c19",
      "version": "1.0.0"
    },
    "../collection/DPWGRec_clomipramine_CYP2C19": {
      "name": "dpwgrec-clomipramine_cyp2c19",
      "version": "1.0.0"
    },
    "../collection/DPWGRec_escitalopram_CYP2C19": {
      "name": "dpwgrec-escitalopram-cyp2c19",
      "version": "1.0.0"
    },
    "node_modules/@digitalbazaar/http-client": {
      "version": "3.4.1",
      "resolved": "https://registry.npmjs.org/@digitalbazaar/http-client/-/http-client-3.4.1.tgz",
      "integrity": "sha512-Ahk1N+s7urkgj7WvvUND5f8GiWEPfUw0D41hdElaqLgu8wZScI8gdI0q+qWw5N1d35x7GCRH2uk9mi+Uzo9M3g==",
      "license": "BSD-3-Clause",
      "dependencies": {
        "ky": "^0.33.3",
        "ky-universal": "^0.11.0",
        "undici": "^5.21.2"
      },
      "engines": {
        "node": ">=14.0"
      }
    },
    "node_modules/@fastify/busboy": {
      "version": "2.1.1",
      "resolved": "https://registry.npmjs.org/@fastify/busboy/-/busboy-2.1.1.tgz",
      "integrity": "sha512-vBZP4NlzfOlerQTnba4aqZoMhE/a9HY7HRqoOPaETQcSQuWEIyZMHGfVu6w9wGtGK5fED5qRs2DteVCjOH60sA==",
      "license": "MIT",
      "engines": {
        "node": ">=14"
      }
    },
    "node_modules/abort-controller": {
      "version": "3.0.0",
      "resolved": "https://registry.npmjs.org/abort-controller/-/abort-controller-3.0.0.tgz",
      "integrity": "sha512-h8lQ8tacZYnR3vNQTgibj+tODHI5/+l06Au2Pcriv/Gmet0eaj4TwWH41sO9wnHDiQsEj19q0drzdWdeAHtweg==",
      "license": "MIT",
      "dependencies": {
        "event-target-shim": "^5.0.0"
      },
      "engines": {
        "node": ">=6.5"
      }
    },
    "node_modules/canonicalize": {
      "version": "1.0.8",
      "resolved": "https://registry.npmjs.org/canonicalize/-/canonicalize-1.0.8.tgz",
      "integrity": "sha512-0CNTVCLZggSh7bc5VkX5WWPWO+cyZbNd07IHIsSXLia/eAq+r836hgk+8BKoEh7949Mda87VUOitx5OddVj64A==",
      "license": "Apache-2.0"
    },
    "node_modules/cpic-phenotype-cyp2c19": {
      "resolved": "../collection/CPIC_Phenotype_CYP2C19",
      "link": true
    },
    "node_modules/cpic-phenotype-cyp2c9": {
      "resolved": "../collection/CPIC_Phenotype_CYP2C9",
      "link": true
    },
    "node_modules/cpic-phenotype-cyp2d6": {
      "resolved": "../collection/CPIC_Phenotype_CYP2D6",
      "link": true
    },
    "node_modules/cpic-phenotype-cyp2d6-v1": {
      "resolved": "../collection/CPIC_Phenotype_CYP2D6-V1",
      "link": true
    },
    "node_modules/cpic-phenotype-cyp3a5": {
      "resolved": "../collection/CPIC_Phenotype_CYP3A5",
      "link": true
    },
    "node_modules/cpic-phenotype-slco1b1": {
      "resolved": "../collection/CPIC_Phenotype_SLCO1B1",
      "link": true
    },
    "node_modules/cpic-phenotype-tpmt": {
      "resolved": "../collection/CPIC_Phenotype_TPMT",
      "link": true
    },
    "node_modules/cpic-phenotype-ugt1a1": {
      "resolved": "../collection/CPIC_Phenotype_UGT1A1",
      "link": true
    },
    "node_modules/cpicrec-abacavir_hla-b": {
      "resolved": "../collection/CPICRec_abacavir_HLA-B",
      "link": true
    },
    "node_modules/cpicrec-allopurinol_hla-b": {
      "resolved": "../collection/CPICRec_allopurinol_HLA-B",
      "link": true
    },
    "node_modules/cpicrec-amitriptyline-cyp2c19-cyp2d6": {
      "resolved": "../collection/CPICRec_amitriptyline_CYP2C19_CYP2D6",
      "link": true
    },
    "node_modules/cpicrec-atazanavir-ugt1a1": {
      "resolved": "../collection/CPICRec_atazanavir_UGT1A1",
      "link": true
    },
    "node_modules/cpicrec-azathioprine-tpmt": {
      "resolved": "../collection/CPICRec_azathioprine_TPMT",
      "link": true
    },
    "node_modules/cpicrec-carbamazepine-hla-a-hla-b": {
      "resolved": "../collection/CPICRec_carbamazepine_HLA-A_HLA-B",
      "link": true
    },
    "node_modules/cpicrec-citalopram-cyp2c19": {
      "resolved": "../collection/CPICRec_citalopram_CYP2C19",
      "link": true
    },
    "node_modules/cpicrec-clomipramine-cyp2c19-cyp2d6": {
      "resolved": "../collection/CPICRec_clomipramine_CYP2C19_CYP2D6",
      "link": true
    },
    "node_modules/cpicrec-clopidogrel-cyp2c19": {
      "resolved": "../collection/CPICRec_clopidogrel_CYP2C19",
      "link": true
    },
    "node_modules/cpicrec-codeine-cyp2d6": {
      "resolved": "../collection/CPICRec_codeine_CYP2D6",
      "link": true
    },
    "node_modules/cpicrec-desipramine-cyp2c19-cyp2d6": {
      "resolved": "../collection/CPICRec_desipramine_CYP2C19_CYP2D6",
      "link": true
    },
    "node_modules/cpicrec-doxepin-cyp2c19-cyp2d6": {
      "resolved": "../collection/CPICRec_doxepin_CYP2C19_CYP2D6",
      "link": true
    },
    "node_modules/cpicrec-escitalopram-cyp2c19": {
      "resolved": "../collection/CPICRec_escitalopram_CYP2C19",
      "link": true
    },
    "node_modules/cpicrec-fluvoxamine-cyp2d6": {
      "resolved": "../collection/CPICRec_fluvoxamine_CYP2D6",
      "link": true
    },
    "node_modules/cpicrec-imipramine-cyp2c19-cyp2d6": {
      "resolved": "../collection/CPICRec_imipramine_CYP2C19_CYP2D6",
      "link": true
    },
    "node_modules/cpicrec-mercaptopurine-tpmt": {
      "resolved": "../collection/CPICRec_mercaptopurine_TPMT",
      "link": true
    },
    "node_modules/cpicrec-nortripyline-cyp2c19-cyp2d6": {
      "resolved": "../collection/CPICRec_nortripyline_CYP2C19_CYP2D6",
      "link": true
    },
    "node_modules/cpicrec-ondansetron-cyp2d6": {
      "resolved": "../collection/CPICRec_ondansetron_CYP2D6",
      "link": true
    },
    "node_modules/cpicrec-oxcarbazepine-hla-b": {
      "resolved": "../collection/CPICRec_oxcarbazepine_HLA-B",
      "link": true
    },
    "node_modules/cpicrec-paroxetine-cyp2d6": {
      "resolved": "../collection/CPICRec_paroxetine_CYP2D6",
      "link": true
    },
    "node_modules/cpicrec-phenytoin-cyp2c9-hla-b": {
      "resolved": "../collection/CPICRec_phenytoin_CYP2C9_HLA-B",
      "link": true
    },
    "node_modules/cpicrec-sertraline-cyp2c19": {
      "resolved": "../collection/CPICRec_sertraline_CYP2C19",
      "link": true
    },
    "node_modules/cpicrec-simvastatin-slco1b1": {
      "resolved": "../collection/CPICRec_simvastatin_SLCO1B1",
      "link": true
    },
    "node_modules/cpicrec-tacrolimus-cyp3a5": {
      "resolved": "../collection/CPICRec_tacrolimus_CYP3A5",
      "link": true
    },
    "node_modules/cpicrec-thioguanine-tpmt": {
      "resolved": "../collection/CPICRec_thioguanine_TPMT",
      "link": true
    },
    "node_modules/cpicrec-trimipramine-cyp2c19-cyp2d6": {
      "resolved": "../collection/CPICRec_trimipramine_CYP2C19_CYP2D6",
      "link": true
    },
    "node_modules/cpicrec-tropisetron-cyp2d6": {
      "resolved": "../collection/CPICRec_tropisetron_CYP2D6",
      "link": true
    },
    "node_modules/cpicrec-voriconazole-cyp2c19": {
      "resolved": "../collection/CPICRec_voriconazole_CYP2C19",
      "link": true
    },
    "node_modules/data-uri-to-buffer": {
      "version": "4.0.1",
      "resolved": "https://registry.npmjs.org/data-uri-to-buffer/-/data-uri-to-buffer-4.0.1.tgz",
      "integrity": "sha512-0R9ikRb668HB7QDxT1vkpuUBtqc53YyAwMwGeUFKRojY/NWKvdZ+9UYtRfGmhqNbRkTSVpMbmyhXipFFv2cb/A==",
      "license": "MIT",
      "engines": {
        "node": ">= 12"
      }
    },
    "node_modules/dpwgrec-amitriptyline_cyp2c19": {
      "resolved": "../collection/DPWGRec_amitriptyline_CYP2C19",
      "link": true
    },
    "node_modules/dpwgrec-clomipramine_cyp2c19": {
      "resolved": "../collection/DPWGRec_clomipramine_CYP2C19",
      "link": true
    },
    "node_modules/dpwgrec-escitalopram-cyp2c19": {
      "resolved": "../collection/DPWGRec_escitalopram_CYP2C19",
      "link": true
    },
    "node_modules/event-target-shim": {
      "version": "5.0.1",
      "resolved": "https://registry.npmjs.org/event-target-shim/-/event-target-shim-5.0.1.tgz",
      "integrity": "sha512-i/2XbnSz/uxRCU6+NdVJgKWDTM427+MqYbkQzD321DuCQJUqOuJKIA0IM2+W2xtYHdKOmZ4dR6fExsd4SXL+WQ==",
      "license": "MIT",
      "engines": {
        "node": ">=6"
      }
    },
    "node_modules/fetch-blob": {
      "version": "3.2.0",
      "resolved": "https://registry.npmjs.org/fetch-blob/-/fetch-blob-3.2.0.tgz",
      "integrity": "sha512-7yAQpD2UMJzLi1Dqv7qFYnPbaPx7ZfFK6PiIxQ4PfkGPyNyl2Ugx+a/umUonmKqjhM4DnfbMvdX6otXq83soQQ==",
      "funding": [
        {
          "type": "github",
          "url": "https://github.com/sponsors/jimmywarting"
        },
        {
          "type": "paypal",
          "url": "https://paypal.me/jimmywarting"
        }
      ],
      "license": "MIT",
      "dependencies": {
        "node-domexception": "^1.0.0",
        "web-streams-polyfill": "^3.0.3"
      },
      "engines": {
        "node": "^12.20 || >= 14.13"
      }
    },
    "node_modules/formdata-polyfill": {
      "version": "4.0.10",
      "resolved": "https://registry.npmjs.org/formdata-polyfill/-/formdata-polyfill-4.0.10.tgz",
      "integrity": "sha512-buewHzMvYL29jdeQTVILecSaZKnt/RJWjoZCF5OW60Z67/GmSLBkOFM7qh1PI3zFNtJbaZL5eQu1vLfazOwj4g==",
      "license": "MIT",
      "dependencies": {
        "fetch-blob": "^3.1.2"
      },
      "engines": {
        "node": ">=12.20.0"
      }
    },
    "node_modules/jsonld": {
      "version": "8.3.3",
      "resolved": "https://registry.npmjs.org/jsonld/-/jsonld-8.3.3.tgz",
      "integrity": "sha512-9YcilrF+dLfg9NTEof/mJLMtbdX1RJ8dbWtJgE00cMOIohb1lIyJl710vFiTaiHTl6ZYODJuBd32xFvUhmv3kg==",
      "license": "BSD-3-Clause",
      "dependencies": {
        "@digitalbazaar/http-client": "^3.4.1",
        "canonicalize": "^1.0.1",
        "lru-cache": "^6.0.0",
        "rdf-canonize": "^3.4.0"
      },
      "engines": {
        "node": ">=14"
      }
    },
    "node_modules/ky": {
      "version": "0.33.3",
      "resolved": "https://registry.npmjs.org/ky/-/ky-0.33.3.tgz",
      "integrity": "sha512-CasD9OCEQSFIam2U8efFK81Yeg8vNMTBUqtMOHlrcWQHqUX3HeCl9Dr31u4toV7emlH8Mymk5+9p0lL6mKb/Xw==",
      "license": "MIT",
      "engines": {
        "node": ">=14.16"
      },
      "funding": {
        "url": "https://github.com/sindresorhus/ky?sponsor=1"
      }
    },
    "node_modules/ky-universal": {
      "version": "0.11.0",
      "resolved": "https://registry.npmjs.org/ky-universal/-/ky-universal-0.11.0.tgz",
      "integrity": "sha512-65KyweaWvk+uKKkCrfAf+xqN2/epw1IJDtlyCPxYffFCMR8u1sp2U65NtWpnozYfZxQ6IUzIlvUcw+hQ82U2Xw==",
      "license": "MIT",
      "dependencies": {
        "abort-controller": "^3.0.0",
        "node-fetch": "^3.2.10"
      },
      "engines": {
        "node": ">=14.16"
      },
      "funding": {
        "url": "https://github.com/sindresorhus/ky-universal?sponsor=1"
      },
      "peerDependencies": {
        "ky": ">=0.31.4",
        "web-streams-polyfill": ">=3.2.1"
      },
      "peerDependenciesMeta": {
        "web-streams-polyfill": {
          "optional": true
        }
      }
    },
    "node_modules/lru-cache": {
      "version": "6.0.0",
      "resolved": "https://registry.npmjs.org/lru-cache/-/lru-cache-6.0.0.tgz",
      "integrity": "sha512-Jo6dJ04CmSjuznwJSS3pUeWmd/H0ffTlkXXgwZi+eq1UCmqQwCh+eLsYOYCwY991i2Fah4h1BEMCx4qThGbsiA==",
      "license": "ISC",
      "dependencies": {
        "yallist": "^4.0.0"
      },
      "engines": {
        "node": ">=10"
      }
    },
    "node_modules/node-domexception": {
      "version": "1.0.0",
      "resolved": "https://registry.npmjs.org/node-domexception/-/node-domexception-1.0.0.tgz",
      "integrity": "sha512-/jKZoMpw0F8GRwl4/eLROPA3cfcXtLApP0QzLmUT/HuPCZWyB7IY9ZrMeKw2O/nFIqPQB3PVM9aYm0F312AXDQ==",
      "deprecated": "Use your platform's native DOMException instead",
      "funding": [
        {
          "type": "github",
          "url": "https://github.com/sponsors/jimmywarting"
        },
        {
          "type": "github",
          "url": "https://paypal.me/jimmywarting"
        }
      ],
      "license": "MIT",
      "engines": {
        "node": ">=10.5.0"
      }
    },
    "node_modules/node-fetch": {
      "version": "3.3.2",
      "resolved": "https://registry.npmjs.org/node-fetch/-/node-fetch-3.3.2.tgz",
      "integrity": "sha512-dRB78srN/l6gqWulah9SrxeYnxeddIG30+GOqK/9OlLVyLg3HPnr6SqOWTWOXKRwC2eGYCkZ59NNuSgvSrpgOA==",
      "license": "MIT",
      "dependencies": {
        "data-uri-to-buffer": "^4.0.0",
        "fetch-blob": "^3.1.4",
        "formdata-polyfill": "^4.0.10"
      },
      "engines": {
        "node": "^12.20.0 || ^14.13.1 || >=16.0.0"
      },
      "funding": {
        "type": "opencollective",
        "url": "https://opencollective.com/node-fetch"
      }
    },
    "node_modules/rdf-canonize": {
      "version": "3.4.0",
      "resolved": "https://registry.npmjs.org/rdf-canonize/-/rdf-canonize-3.4.0.tgz",
      "integrity": "sha512-fUeWjrkOO0t1rg7B2fdyDTvngj+9RlUyL92vOdiB7c0FPguWVsniIMjEtHH+meLBO9rzkUlUzBVXgWrjI8P9LA==",
      "license": "BSD-3-Clause",
      "dependencies": {
        "setimmediate": "^1.0.5"
      },
      "engines": {
        "node": ">=12"
      }
    },
    "node_modules/setimmediate": {
      "version": "1.0.5",
      "resolved": "https://registry.npmjs.org/setimmediate/-/setimmediate-1.0.5.tgz",
      "integrity": "sha512-MATJdZp8sLqDl/68LfQmbP8zKPLQNV6BIZoIgrscFDQ+RsvK/BxeDQOgyxKKoh0y/8h3BqVFnCqQ/gd+reiIXA==",
      "license": "MIT"
    },
    "node_modules/undici": {
      "version": "5.29.0",
      "resolved": "https://registry.npmjs.org/undici/-/undici-5.29.0.tgz",
      "integrity": "sha512-raqeBD6NQK4SkWhQzeYKd1KmIG6dllBOTt55Rmkt4HtI9mwdWtJljnrXjAFUBLTSN67HWrOIZ3EPF4kjUw80Bg==",
      "license": "MIT",
      "dependencies": {
        "@fastify/busboy": "^2.0.0"
      },
      "engines": {
        "node": ">=14.0"
      }
    },
    "node_modules/web-streams-polyfill": {
      "version": "3.3.3",
      "resolved": "https://registry.npmjs.org/web-streams-polyfill/-/web-streams-polyfill-3.3.3.tgz",
      "integrity": "sha512-d2JWLCivmZYTSIoge9MsgFCZrt571BikcWGYkjC1khllbTeDlGqZ2D8vD8E/lJa8WGWbb7Plm8/XJYV7IJHZZw==",
      "license": "MIT",
      "engines": {
        "node": ">= 8"
      }
    },
    "node_modules/yallist": {
      "version": "4.0.0",
      "resolved": "https://registry.npmjs.org/yallist/-/yallist-4.0.0.tgz",
      "integrity": "sha512-3wdGidZyq5PB084XLES5TpOSRA3wjXAlIWMhum2kRcv/41Sn2emQ0dycQW4uZXLejwKvg6EsvbdlVL+FYEct7A==",
      "license": "ISC"
    }
  }
}
